
Microsoft Visual Studio Solution File, Format Version 12.00
# Visual Studio Version 16
VisualStudioVersion = 16.0.31624.102
MinimumVisualStudioVersion = 10.0.40219.1
Project("{888888A0-9F3D-457C-B088-3A5042F75D52}") = "Lab1python", "Lab1python\Lab1python.pyproj", "{56323E51-074B-4411-A103-A5F67FBBE1C2}"
EndProject
Project("{888888A0-9F3D-457C-B088-3A5042F75D52}") = "Lab2", "Lab2\Lab2.pyproj", "{94821C4A-B1B4-45E0-8CA0-94E097D2E45F}"
EndProject
Project("{888888A0-9F3D-457C-B088-3A5042F75D52}") = "Lab3", "Lab3\Lab3.pyproj", "{CAEC37F5-6278-4405-B0A7-F3BEB60564AD}"
EndProject
Project("{888888A0-9F3D-457C-B088-3A5042F75D52}") = "lab5", "lab5\lab5.pyproj", "{25E3A8DB-FCB0-49A5-8550-4A63D8BDED27}"
EndProject
Project("{888888A0-9F3D-457C-B088-3A5042F75D52}") = "lab6", "lab6\lab6.pyproj", "{36604A08-471E-4B3E-A1FB-939A3C7786CB}"
EndProject
Project("{888888A0-9F3D-457C-B088-3A5042F75D52}") = "lab9", "lab9\lab9.pyproj", "{AC5365AD-2B98-4412-A226-01C21F555118}"
EndProject
Global
	GlobalSection(SolutionConfigurationPlatforms) = preSolution
		Debug|Any CPU = Debug|Any CPU
		Release|Any CPU = Release|Any CPU
	EndGlobalSection
	GlobalSection(ProjectConfigurationPlatforms) = postSolution
		{56323E51-074B-4411-A103-A5F67FBBE1C2}.Debug|Any CPU.ActiveCfg = Debug|Any CPU
		{56323E51-074B-4411-A103-A5F67FBBE1C2}.Release|Any CPU.ActiveCfg = Release|Any CPU
		{94821C4A-B1B4-45E0-8CA0-94E097D2E45F}.Debug|Any CPU.ActiveCfg = Debug|Any CPU
		{94821C4A-B1B4-45E0-8CA0-94E097D2E45F}.Release|Any CPU.ActiveCfg = Release|Any CPU
		{CAEC37F5-6278-4405-B0A7-F3BEB60564AD}.Debug|Any CPU.ActiveCfg = Debug|Any CPU
		{CAEC37F5-6278-4405-B0A7-F3BEB60564AD}.Release|Any CPU.ActiveCfg = Release|Any CPU
		{25E3A8DB-FCB0-49A5-8550-4A63D8BDED27}.Debug|Any CPU.ActiveCfg = Debug|Any CPU
		{25E3A8DB-FCB0-49A5-8550-4A63D8BDED27}.Release|Any CPU.ActiveCfg = Release|Any CPU
		{36604A08-471E-4B3E-A1FB-939A3C7786CB}.Debug|Any CPU.ActiveCfg = Debug|Any CPU
		{36604A08-471E-4B3E-A1FB-939A3C7786CB}.Release|Any CPU.ActiveCfg = Release|Any CPU
		{AC5365AD-2B98-4412-A226-01C21F555118}.Debug|Any CPU.ActiveCfg = Debug|Any CPU
		{AC5365AD-2B98-4412-A226-01C21F555118}.Release|Any CPU.ActiveCfg = Release|Any CPU
	EndGlobalSection
	GlobalSection(SolutionProperties) = preSolution
		HideSolutionNode = FALSE
	EndGlobalSection
	GlobalSection(ExtensibilityGlobals) = postSolution
		SolutionGuid = {A388C672-6AE5-455F-B400-58FF40BD4069}
	EndGlobalSection
EndGlobal
